<?xml version="1.0" encoding="UTF-8" standalone="yes" ?>
<CodeBlocks_project_file>
	<FileVersion major="1" minor="6" />
	<Project>
		<Option title="Tower Defense" />
		<Option pch_mode="2" />
		<Option compiler="gcc" />
		<Build>
			<Target title="Debug">
				<Option output="bin/Debug/Tower Defense" prefix_auto="1" extension_auto="1" />
				<Option object_output="obj/Debug/" />
				<Option type="1" />
				<Option compiler="gcc" />
				<Compiler>
					<Add option="-g" />
					<Add directory="include" />
				</Compiler>
			</Target>
			<Target title="Release">
				<Option output="bin/Release/Tower Defense" prefix_auto="1" extension_auto="1" />
				<Option object_output="obj/Release/" />
				<Option type="0" />
				<Option compiler="gcc" />
				<Compiler>
					<Add option="-O2" />
					<Add directory="include" />
				</Compiler>
				<Linker>
					<Add option="-s" />
				</Linker>
			</Target>
		</Build>
		<Compiler>
			<Add option="-Wall" />
			<Add option="-std=c++11" />
			<Add option="-fexceptions" />
			<Add directory="../SDL2-2.0.7/i686-w64-mingw32/include" />
		</Compiler>
		<Linker>
			<Add option="-lmingw32" />
			<Add option="-lSDL2main" />
			<Add option="-lSDL2" />
			<Add option="-lSDL2_image" />
			<Add option="-lSDL2_ttf" />
			<Add library="../MinGW/lib/libmingw32.a" />
			<Add library="../SDL2-2.0.7/i686-w64-mingw32/lib/libSDL2.a" />
			<Add library="../SDL2-2.0.7/i686-w64-mingw32/lib/libSDL2.dll.a" />
			<Add library="../SDL2-2.0.7/i686-w64-mingw32/lib/libSDL2_image.a" />
			<Add library="../SDL2-2.0.7/i686-w64-mingw32/lib/libSDL2_ttf.a" />
			<Add directory="../SDL2-2.0.7/i686-w64-mingw32/lib" />
			<Add directory="dll" />
		</Linker>
		<Unit filename="include/Bouton.h" />
		<Unit filename="include/Case.h" />
		<Unit filename="include/Chateau.h" />
		<Unit filename="include/Chemin.h" />
		<Unit filename="include/Constantes.h" />
		<Unit filename="include/Ennemi.h" />
		<Unit filename="include/EnnemiClassique.h" />
		<Unit filename="include/EnnemiRapide.h" />
		<Unit filename="include/EnnemiTank.h" />
		<Unit filename="include/EnnemiVolant.h" />
		<Unit filename="include/Infos.h" />
		<Unit filename="include/Menus.h" />
		<Unit filename="include/Tir.h" />
		<Unit filename="include/TirAerien.h" />
		<Unit filename="include/TirClassique.h" />
		<Unit filename="include/TirSniper.h" />
		<Unit filename="include/Tour.h" />
		<Unit filename="include/TourAerien.h" />
		<Unit filename="include/TourClassique.h" />
		<Unit filename="include/TourPoison.h" />
		<Unit filename="include/TourSniper.h" />
		<Unit filename="include/Utilitaires.h" />
		<Unit filename="include/Variables.h" />
		<Unit filename="include/VariablesSDL.h" />
		<Unit filename="main.cpp" />
		<Unit filename="ressources.rc">
			<Option compilerVar="WINDRES" />
		</Unit>
		<Unit filename="src/Bouton.cpp" />
		<Unit filename="src/Case.cpp" />
		<Unit filename="src/Chateau.cpp" />
		<Unit filename="src/Chemin.cpp" />
		<Unit filename="src/Ennemi.cpp" />
		<Unit filename="src/EnnemiClassique.cpp" />
		<Unit filename="src/EnnemiRapide.cpp" />
		<Unit filename="src/EnnemiTank.cpp" />
		<Unit filename="src/EnnemiVolant.cpp" />
		<Unit filename="src/Tir.cpp" />
		<Unit filename="src/TirAerien.cpp" />
		<Unit filename="src/TirClassique.cpp" />
		<Unit filename="src/TirSniper.cpp" />
		<Unit filename="src/Tour.cpp" />
		<Unit filename="src/TourAerien.cpp" />
		<Unit filename="src/TourClassique.cpp" />
		<Unit filename="src/TourPoison.cpp" />
		<Unit filename="src/TourSniper.cpp" />
		<Extensions>
			<code_completion />
			<envvars />
			<debugger />
			<lib_finder disable_auto="1" />
		</Extensions>
	</Project>
</CodeBlocks_project_file>
